
Microsoft Visual Studio Solution File, Format Version 12.00
# Visual Studio Version 16
VisualStudioVersion = 16.0.29806.167
MinimumVisualStudioVersion = 10.0.40219.1
Project("{FAE04EC0-301F-11D3-BF4B-00C04F79EFBC}") = "AnimalShelter", "AnimalShelter\AnimalShelter.csproj", "{AA732B8D-0D7A-4541-8E7E-372AE9F20909}"
EndProject
Global
	GlobalSection(SolutionConfigurationPlatforms) = preSolution
		Debug|Any CPU = Debug|Any CPU
		Release|Any CPU = Release|Any CPU
	EndGlobalSection
	GlobalSection(ProjectConfigurationPlatforms) = postSolution
		{AA732B8D-0D7A-4541-8E7E-372AE9F20909}.Debug|Any CPU.ActiveCfg = Debug|Any CPU
		{AA732B8D-0D7A-4541-8E7E-372AE9F20909}.Debug|Any CPU.Build.0 = Debug|Any CPU
		{AA732B8D-0D7A-4541-8E7E-372AE9F20909}.Release|Any CPU.ActiveCfg = Release|Any CPU
		{AA732B8D-0D7A-4541-8E7E-372AE9F20909}.Release|Any CPU.Build.0 = Release|Any CPU
	EndGlobalSection
	GlobalSection(SolutionProperties) = preSolution
		HideSolutionNode = FALSE
	EndGlobalSection
	GlobalSection(ExtensibilityGlobals) = postSolution
		SolutionGuid = {D30A5CE2-B60B-4778-B0A7-893BA2B09377}
	EndGlobalSection
EndGlobal
